
Microsoft Visual Studio Solution File, Format Version 12.00
# Visual Studio Version 16
VisualStudioVersion = 16.0.28803.202
MinimumVisualStudioVersion = 10.0.40219.1
Project("{9A19103F-16F7-4668-BE54-9A1E7A4F7556}") = "Seed.IO", "Seed.IO\Seed.IO.csproj", "{DEF23692-7AB1-4B62-A3DC-F023D55FB7DA}"
EndProject
Project("{9A19103F-16F7-4668-BE54-9A1E7A4F7556}") = "Seed.IO.Tests", "Seed.IO.Tests\Seed.IO.Tests.csproj", "{48AABC24-232B-44B3-96C0-EAA4415D4EDE}"
EndProject
Global
	GlobalSection(SolutionConfigurationPlatforms) = preSolution
		Debug|Any CPU = Debug|Any CPU
		Release|Any CPU = Release|Any CPU
	EndGlobalSection
	GlobalSection(ProjectConfigurationPlatforms) = postSolution
		{DEF23692-7AB1-4B62-A3DC-F023D55FB7DA}.Debug|Any CPU.ActiveCfg = Debug|Any CPU
		{DEF23692-7AB1-4B62-A3DC-F023D55FB7DA}.Debug|Any CPU.Build.0 = Debug|Any CPU
		{DEF23692-7AB1-4B62-A3DC-F023D55FB7DA}.Release|Any CPU.ActiveCfg = Release|Any CPU
		{DEF23692-7AB1-4B62-A3DC-F023D55FB7DA}.Release|Any CPU.Build.0 = Release|Any CPU
		{48AABC24-232B-44B3-96C0-EAA4415D4EDE}.Debug|Any CPU.ActiveCfg = Debug|Any CPU
		{48AABC24-232B-44B3-96C0-EAA4415D4EDE}.Debug|Any CPU.Build.0 = Debug|Any CPU
		{48AABC24-232B-44B3-96C0-EAA4415D4EDE}.Release|Any CPU.ActiveCfg = Release|Any CPU
		{48AABC24-232B-44B3-96C0-EAA4415D4EDE}.Release|Any CPU.Build.0 = Release|Any CPU
	EndGlobalSection
	GlobalSection(SolutionProperties) = preSolution
		HideSolutionNode = FALSE
	EndGlobalSection
	GlobalSection(ExtensibilityGlobals) = postSolution
		SolutionGuid = {8CE8F157-5BAA-4502-9C37-F7C0A848067E}
	EndGlobalSection
EndGlobal
